{
  "name": "huayang-miniprogram",
  "version": "1.0.0",
  "lockfileVersion": 1,
  "requires": true,
  "dependencies": {
    "@vant/area-data": {
      "version": "1.0.0",
      "resolved": "https://registry.npmjs.org/@vant/area-data/-/area-data-1.0.0.tgz",
      "integrity": "sha512-uJKQS3Kkft/H0xW39ip7AneHWjZppmQKqfrdUW1YzHpL9U3PduMq1V6w/j1KIP4FMRAo5SwoUiQs2XRU0PDdFA=="
    },
    "@vant/weapp": {
      "version": "1.1.0",
      "resolved": "https://registry.npmjs.org/@vant/weapp/-/weapp-1.1.0.tgz",
      "integrity": "sha512-OfYxGo96Ui9a5YfTBtTY3+Ox0PHpzQ+BprvcT0Rbe9rhiaiunIEcmo+cZ1280ES74Y9dnsGf10IjnX5D8Z6sww=="
    },
    "charenc": {
      "version": "0.0.2",
      "resolved": "https://registry.npmjs.org/charenc/-/charenc-0.0.2.tgz",
      "integrity": "sha1-wKHS86cJLgN3S/qD8UwPxXkKhmc="
    },
    "crypt": {
      "version": "0.0.2",
      "resolved": "https://registry.npmjs.org/crypt/-/crypt-0.0.2.tgz",
      "integrity": "sha1-iNf/fsDfuG9xPch7u0LQRNPmxBs="
    },
    "dayjs": {
      "version": "1.10.4",
      "resolved": "https://registry.npmjs.org/dayjs/-/dayjs-1.10.4.tgz",
      "integrity": "sha512-RI/Hh4kqRc1UKLOAf/T5zdMMX5DQIlDxwUe3wSyMMnEbGunnpENCdbUgM+dW7kXidZqCttBrmw7BhN4TMddkCw=="
    },
    "is-buffer": {
      "version": "1.1.6",
      "resolved": "https://registry.npmjs.org/is-buffer/-/is-buffer-1.1.6.tgz",
      "integrity": "sha512-NcdALwpXkTm5Zvvbk7owOUSvVvBKDgKP5/ewfXEznmQFfs4ZRmanOeKBTjRVjka3QFoN6XJ+9F3USqfHqTaU5w=="
    },
    "md5": {
      "version": "2.2.1",
      "resolved": "https://registry.npmjs.org/md5/-/md5-2.2.1.tgz",
      "integrity": "sha1-U6s41f48iJG6RlMp6iP6wFQBJvk=",
      "requires": {
        "charenc": "~0.0.1",
        "crypt": "~0.0.1",
        "is-buffer": "~1.1.1"
      }
    },
    "mobx-miniprogram": {
      "version": "4.13.2",
      "resolved": "https://registry.npm.taobao.org/mobx-miniprogram/download/mobx-miniprogram-4.13.2.tgz",
      "integrity": "sha1-tywD/VrR8bkCLEIvnIikfR5fiGg="
    },
    "mobx-miniprogram-bindings": {
      "version": "2.0.0",
      "resolved": "https://registry.npm.taobao.org/mobx-miniprogram-bindings/download/mobx-miniprogram-bindings-2.0.0.tgz",
      "integrity": "sha1-4mHW2ZZyf31hueXHnY8zU8OyhH4="
    },
    "qs": {
      "version": "6.9.3",
      "resolved": "https://registry.npmjs.org/qs/-/qs-6.9.3.tgz",
      "integrity": "sha512-EbZYNarm6138UKKq46tdx08Yo/q9ZhFoAXAI1meAFd2GtbRDhbZY2WQSICskT0c5q99aFzLG1D4nvTk9tqfXIw=="
    }
  }
}
