# THIS IS AN AUTOGENERATED FILE. DO NOT EDIT THIS FILE DIRECTLY.
# yarn lockfile v1


"@vant/area-data@^1.0.0":
  version "1.1.0"
  resolved "https://registry.yarnpkg.com/@vant/area-data/-/area-data-1.1.0.tgz#be48d1c4f8bfe19429625fbf9ed40ab638f4c7f1"
  integrity sha512-+TNxiOiNxcEmGnDLCcz5TrjzRd125eEsr1PCOZ9uqN3Y9fMXOsl6/oIvLJoLJRSCb/4GIjbIOAavJ+sVrlRslg==

"@vant/weapp@^1.1.0":
  version "1.3.0"
  resolved "https://registry.yarnpkg.com/@vant/weapp/-/weapp-1.3.0.tgz#626ba373618d0a93d943c6d0dbad3fbf5a15b1d5"
  integrity sha512-zkztEzi/+YN5tH38jxad+fiG+1lpMRHVvstB4wHBNpKycmyhkso+1F7MDwaVV6vcZ1dG0MRrPXl1e/uMQUlJwA==

charenc@~0.0.1:
  version "0.0.2"
  resolved "https://registry.yarnpkg.com/charenc/-/charenc-0.0.2.tgz#c0a1d2f3a7092e03774bfa83f14c0fc5790a8667"
  integrity sha1-wKHS86cJLgN3S/qD8UwPxXkKhmc=

crypt@~0.0.1:
  version "0.0.2"
  resolved "https://registry.yarnpkg.com/crypt/-/crypt-0.0.2.tgz#88d7ff7ec0dfb86f713dc87bbb42d044d3e6c41b"
  integrity sha1-iNf/fsDfuG9xPch7u0LQRNPmxBs=

dayjs@^1.8.31:
  version "1.8.31"
  resolved "http://nexus.baixing.cn/repository/npm-all/dayjs/-/dayjs-1.8.31.tgz#0cd1114c2539dd5ad9428be0c38df6d4bb40b9d3"
  integrity sha512-mPh1mslned+5PuIuiUfbw4CikHk6AEAf2Baxih+wP5fssv+wmlVhvgZ7mq+BhLt7Sr/Hc8leWDiwe6YnrpNt3g==

is-buffer@~1.1.1:
  version "1.1.6"
  resolved "https://registry.yarnpkg.com/is-buffer/-/is-buffer-1.1.6.tgz#efaa2ea9daa0d7ab2ea13a97b2b8ad51fefbe8be"
  integrity sha512-NcdALwpXkTm5Zvvbk7owOUSvVvBKDgKP5/ewfXEznmQFfs4ZRmanOeKBTjRVjka3QFoN6XJ+9F3USqfHqTaU5w==

md5@^2.2.1:
  version "2.2.1"
  resolved "https://registry.yarnpkg.com/md5/-/md5-2.2.1.tgz#53ab38d5fe3c8891ba465329ea23fac0540126f9"
  integrity sha1-U6s41f48iJG6RlMp6iP6wFQBJvk=
  dependencies:
    charenc "~0.0.1"
    crypt "~0.0.1"
    is-buffer "~1.1.1"

mobx-miniprogram-bindings@^2.0.0:
  version "2.0.0"
  resolved "https://registry.yarnpkg.com/mobx-miniprogram-bindings/-/mobx-miniprogram-bindings-2.0.0.tgz#e261d6d996727f7d61b9e5c79d8f3353c3b2847e"
  integrity sha512-e8GmulXrBpywTi1jp9wmTgY0aFbUoVvseluz7kIHEktOBxDw3CjKD6z+/ieaojNLfsmaIQRoB5hfzQ4LXq/vOw==

mobx-miniprogram@^4.13.2:
  version "4.13.2"
  resolved "https://registry.yarnpkg.com/mobx-miniprogram/-/mobx-miniprogram-4.13.2.tgz#b72c03fd5ad1f1b9022c422f9c88a47d1e5f8868"
  integrity sha512-C3HtkqHCLKp35N2gXA80yFD6PNfSqwioPFmnjTQpBLrEqYm1F6yiWZ57CW+8FqgmR306mw6ZfsM5q7hSTHw8BQ==

qs@^6.9.3:
  version "6.9.4"
  resolved "https://registry.yarnpkg.com/qs/-/qs-6.9.4.tgz#9090b290d1f91728d3c22e54843ca44aea5ab687"
  integrity sha512-A1kFqHekCTM7cz0udomYUoYNWjBebHm/5wzU/XqrBRBNWectVH0QIiN+NEcZ0Dte5hvzHwbr8+XQmguPhJ6WdQ==
